// !$*UTF8*$!
{
	archiveVersion = 1;
	classes = {
	};
	objectVersion = 77;
	objects = {

/* Begin PBXContainerItemProxy section */
		2B5BB5072E2BCD2F008D1CB7 /* PBXContainerItemProxy */ = {
			isa = PBXContainerItemProxy;
			containerPortal = 2B5BB4EF2E2BCD2E008D1CB7 /* Project object */;
			proxyType = 1;
			remoteGlobalIDString = 2B5BB4F62E2BCD2E008D1CB7;
			remoteInfo = Menu_trans;
		};
		2B5BB5112E2BCD2F008D1CB7 /* PBXContainerItemProxy */ = {
			isa = PBXContainerItemProxy;
			containerPortal = 2B5BB4EF2E2BCD2E008D1CB7 /* Project object */;
			proxyType = 1;
			remoteGlobalIDString = 2B5BB4F62E2BCD2E008D1CB7;
			remoteInfo = Menu_trans;
		};
/* End PBXContainerItemProxy section */

/* Begin PBXFileReference section */
		2B5BB4F72E2BCD2E008D1CB7 /* Menu_trans.app */ = {isa = PBXFileReference; explicitFileType = wrapper.application; includeInIndex = 0; path = Menu_trans.app; sourceTree = BUILT_PRODUCTS_DIR; };
		2B5BB5062E2BCD2F008D1CB7 /* Menu_transTests.xctest */ = {isa = PBXFileReference; explicitFileType = wrapper.cfbundle; includeInIndex = 0; path = Menu_transTests.xctest; sourceTree = BUILT_PRODUCTS_DIR; };
		2B5BB5102E2BCD2F008D1CB7 /* Menu_transUITests.xctest */ = {isa = PBXFileReference; explicitFileType = wrapper.cfbundle; includeInIndex = 0; path = Menu_transUITests.xctest; sourceTree = BUILT_PRODUCTS_DIR; };
/* End PBXFileReference section */

/* Begin PBXFileSystemSynchronizedRootGroup section */
		2B5BB4F92E2BCD2E008D1CB7 /* Menu_trans */ = {
			isa = PBXFileSystemSynchronizedRootGroup;
			path = Menu_trans;
			sourceTree = "<group>";
		};
		2B5BB5092E2BCD2F008D1CB7 /* Menu_transTests */ = {
			isa = PBXFileSystemSynchronizedRootGroup;
			path = Menu_transTests;
			sourceTree = "<group>";
		};
		2B5BB5132E2BCD2F008D1CB7 /* Menu_transUITests */ = {
			isa = PBXFileSystemSynchronizedRootGroup;
			path = Menu_transUITests;
			sourceTree = "<group>";
		};
/* End PBXFileSystemSynchronizedRootGroup section */

/* Begin PBXFrameworksBuildPhase section */
		2B5BB4F42E2BCD2E008D1CB7 /* Frameworks */ = {
			isa = PBXFrameworksBuildPhase;
			buildActionMask = 2147483647;
			files = (
			);
			runOnlyForDeploymentPostprocessing = 0;
		};
		2B5BB5032E2BCD2F008D1CB7 /* Frameworks */ = {
			isa = PBXFrameworksBuildPhase;
			buildActionMask = 2147483647;
			files = (
			);
			runOnlyForDeploymentPostprocessing = 0;
		};
		2B5BB50D2E2BCD2F008D1CB7 /* Frameworks */ = {
			isa = PBXFrameworksBuildPhase;
			buildActionMask = 2147483647;
			files = (
			);
			runOnlyForDeploymentPostprocessing = 0;
		};
/* End PBXFrameworksBuildPhase section */

/* Begin PBXGroup section */
		2B5BB4EE2E2BCD2E008D1CB7 = {
			isa = PBXGroup;
			children = (
				2B5BB4F92E2BCD2E008D1CB7 /* Menu_trans */,
				2B5BB5092E2BCD2F008D1CB7 /* Menu_transTests */,
				2B5BB5132E2BCD2F008D1CB7 /* Menu_transUITests */,
				2B5BB4F82E2BCD2E008D1CB7 /* Products */,
			);
			sourceTree = "<group>";
		};
		2B5BB4F82E2BCD2E008D1CB7 /* Products */ = {
			isa = PBXGroup;
			children = (
				2B5BB4F72E2BCD2E008D1CB7 /* Menu_trans.app */,
				2B5BB5062E2BCD2F008D1CB7 /* Menu_transTests.xctest */,
				2B5BB5102E2BCD2F008D1CB7 /* Menu_transUITests.xctest */,
			);
			name = Products;
			sourceTree = "<group>";
		};
/* End PBXGroup section */

/* Begin PBXNativeTarget section */
		2B5BB4F62E2BCD2E008D1CB7 /* Menu_trans */ = {
			isa = PBXNativeTarget;
			buildConfigurationList = 2B5BB51A2E2BCD2F008D1CB7 /* Build configuration list for PBXNativeTarget "Menu_trans" */;
			buildPhases = (
				2B5BB4F32E2BCD2E008D1CB7 /* Sources */,
				2B5BB4F42E2BCD2E008D1CB7 /* Frameworks */,
				2B5BB4F52E2BCD2E008D1CB7 /* Resources */,
			);
			buildRules = (
			);
			dependencies = (
			);
			fileSystemSynchronizedGroups = (
				2B5BB4F92E2BCD2E008D1CB7 /* Menu_trans */,
			);
			name = Menu_trans;
			packageProductDependencies = (
			);
			productName = Menu_trans;
			productReference = 2B5BB4F72E2BCD2E008D1CB7 /* Menu_trans.app */;
			productType = "com.apple.product-type.application";
		};
		2B5BB5052E2BCD2F008D1CB7 /* Menu_transTests */ = {
			isa = PBXNativeTarget;
			buildConfigurationList = 2B5BB51D2E2BCD2F008D1CB7 /* Build configuration list for PBXNativeTarget "Menu_transTests" */;
			buildPhases = (
				2B5BB5022E2BCD2F008D1CB7 /* Sources */,
				2B5BB5032E2BCD2F008D1CB7 /* Frameworks */,
				2B5BB5042E2BCD2F008D1CB7 /* Resources */,
			);
			buildRules = (
			);
			dependencies = (
				2B5BB5082E2BCD2F008D1CB7 /* PBXTargetDependency */,
			);
			fileSystemSynchronizedGroups = (
				2B5BB5092E2BCD2F008D1CB7 /* Menu_transTests */,
			);
			name = Menu_transTests;
			packageProductDependencies = (
			);
			productName = Menu_transTests;
			productReference = 2B5BB5062E2BCD2F008D1CB7 /* Menu_transTests.xctest */;
			productType = "com.apple.product-type.bundle.unit-test";
		};
		2B5BB50F2E2BCD2F008D1CB7 /* Menu_transUITests */ = {
			isa = PBXNativeTarget;
			buildConfigurationList = 2B5BB5202E2BCD2F008D1CB7 /* Build configuration list for PBXNativeTarget "Menu_transUITests" */;
			buildPhases = (
				2B5BB50C2E2BCD2F008D1CB7 /* Sources */,
				2B5BB50D2E2BCD2F008D1CB7 /* Frameworks */,
				2B5BB50E2E2BCD2F008D1CB7 /* Resources */,
			);
			buildRules = (
			);
			dependencies = (
				2B5BB5122E2BCD2F008D1CB7 /* PBXTargetDependency */,
			);
			fileSystemSynchronizedGroups = (
				2B5BB5132E2BCD2F008D1CB7 /* Menu_transUITests */,
			);
			name = Menu_transUITests;
			packageProductDependencies = (
			);
			productName = Menu_transUITests;
			productReference = 2B5BB5102E2BCD2F008D1CB7 /* Menu_transUITests.xctest */;
			productType = "com.apple.product-type.bundle.ui-testing";
		};
/* End PBXNativeTarget section */

/* Begin PBXProject section */
		2B5BB4EF2E2BCD2E008D1CB7 /* Project object */ = {
			isa = PBXProject;
			attributes = {
				BuildIndependentTargetsInParallel = 1;
				LastSwiftUpdateCheck = 1640;
				LastUpgradeCheck = 1640;
				TargetAttributes = {
					2B5BB4F62E2BCD2E008D1CB7 = {
						CreatedOnToolsVersion = 16.4;
					};
					2B5BB5052E2BCD2F008D1CB7 = {
						CreatedOnToolsVersion = 16.4;
						TestTargetID = 2B5BB4F62E2BCD2E008D1CB7;
					};
					2B5BB50F2E2BCD2F008D1CB7 = {
						CreatedOnToolsVersion = 16.4;
						TestTargetID = 2B5BB4F62E2BCD2E008D1CB7;
					};
				};
			};
			buildConfigurationList = 2B5BB4F22E2BCD2E008D1CB7 /* Build configuration list for PBXProject "Menu_trans" */;
			developmentRegion = en;
			hasScannedForEncodings = 0;
			knownRegions = (
				en,
				Base,
			);
			mainGroup = 2B5BB4EE2E2BCD2E008D1CB7;
			minimizedProjectReferenceProxies = 1;
			preferredProjectObjectVersion = 77;
			productRefGroup = 2B5BB4F82E2BCD2E008D1CB7 /* Products */;
			projectDirPath = "";
			projectRoot = "";
			targets = (
				2B5BB4F62E2BCD2E008D1CB7 /* Menu_trans */,
				2B5BB5052E2BCD2F008D1CB7 /* Menu_transTests */,
				2B5BB50F2E2BCD2F008D1CB7 /* Menu_transUITests */,
			);
		};
/* End PBXProject section */

/* Begin PBXResourcesBuildPhase section */
		2B5BB4F52E2BCD2E008D1CB7 /* Resources */ = {
			isa = PBXResourcesBuildPhase;
			buildActionMask = 2147483647;
			files = (
			);
			runOnlyForDeploymentPostprocessing = 0;
		};
		2B5BB5042E2BCD2F008D1CB7 /* Resources */ = {
			isa = PBXResourcesBuildPhase;
			buildActionMask = 2147483647;
			files = (
			);
			runOnlyForDeploymentPostprocessing = 0;
		};
		2B5BB50E2E2BCD2F008D1CB7 /* Resources */ = {
			isa = PBXResourcesBuildPhase;
			buildActionMask = 2147483647;
			files = (
			);
			runOnlyForDeploymentPostprocessing = 0;
		};
/* End PBXResourcesBuildPhase section */

/* Begin PBXSourcesBuildPhase section */
		2B5BB4F32E2BCD2E008D1CB7 /* Sources */ = {
			isa = PBXSourcesBuildPhase;
			buildActionMask = 2147483647;
			files = (
			);
			runOnlyForDeploymentPostprocessing = 0;
		};
		2B5BB5022E2BCD2F008D1CB7 /* Sources */ = {
			isa = PBXSourcesBuildPhase;
			buildActionMask = 2147483647;
			files = (
			);
			runOnlyForDeploymentPostprocessing = 0;
		};
		2B5BB50C2E2BCD2F008D1CB7 /* Sources */ = {
			isa = PBXSourcesBuildPhase;
			buildActionMask = 2147483647;
			files = (
			);
			runOnlyForDeploymentPostprocessing = 0;
		};
/* End PBXSourcesBuildPhase section */

/* Begin PBXTargetDependency section */
		2B5BB5082E2BCD2F008D1CB7 /* PBXTargetDependency */ = {
			isa = PBXTargetDependency;
			target = 2B5BB4F62E2BCD2E008D1CB7 /* Menu_trans */;
			targetProxy = 2B5BB5072E2BCD2F008D1CB7 /* PBXContainerItemProxy */;
		};
		2B5BB5122E2BCD2F008D1CB7 /* PBXTargetDependency */ = {
			isa = PBXTargetDependency;
			target = 2B5BB4F62E2BCD2E008D1CB7 /* Menu_trans */;
			targetProxy = 2B5BB5112E2BCD2F008D1CB7 /* PBXContainerItemProxy */;
		};
/* End PBXTargetDependency section */

/* Begin XCBuildConfiguration section */
		2B5BB5182E2BCD2F008D1CB7 /* Debug */ = {
			isa = XCBuildConfiguration;
			buildSettings = {
				ALWAYS_SEARCH_USER_PATHS = NO;
				ASSETCATALOG_COMPILER_GENERATE_SWIFT_ASSET_SYMBOL_EXTENSIONS = YES;
				CLANG_ANALYZER_NONNULL = YES;
				CLANG_ANALYZER_NUMBER_OBJECT_CONVERSION = YES_AGGRESSIVE;
				CLANG_CXX_LANGUAGE_STANDARD = "gnu++20";
				CLANG_ENABLE_MODULES = YES;
				CLANG_ENABLE_OBJC_ARC = YES;
				CLANG_ENABLE_OBJC_WEAK = YES;
				CLANG_WARN_BLOCK_CAPTURE_AUTORELEASING = YES;
				CLANG_WARN_BOOL_CONVERSION = YES;
				CLANG_WARN_COMMA = YES;
				CLANG_WARN_CONSTANT_CONVERSION = YES;
				CLANG_WARN_DEPRECATED_OBJC_IMPLEMENTATIONS = YES;
				CLANG_WARN_DIRECT_OBJC_ISA_USAGE = YES_ERROR;
				CLANG_WARN_DOCUMENTATION_COMMENTS = YES;
				CLANG_WARN_EMPTY_BODY = YES;
				CLANG_WARN_ENUM_CONVERSION = YES;
				CLANG_WARN_INFINITE_RECURSION = YES;
				CLANG_WARN_INT_CONVERSION = YES;
				CLANG_WARN_NON_LITERAL_NULL_CONVERSION = YES;
				CLANG_WARN_OBJC_IMPLICIT_RETAIN_SELF = YES;
				CLANG_WARN_OBJC_LITERAL_CONVERSION = YES;
				CLANG_WARN_OBJC_ROOT_CLASS = YES_ERROR;
				CLANG_WARN_QUOTED_INCLUDE_IN_FRAMEWORK_HEADER = YES;
				CLANG_WARN_RANGE_LOOP_ANALYSIS = YES;
				CLANG_WARN_STRICT_PROTOTYPES = YES;
				CLANG_WARN_SUSPICIOUS_MOVE = YES;
				CLANG_WARN_UNGUARDED_AVAILABILITY = YES_AGGRESSIVE;
				CLANG_WARN_UNREACHABLE_CODE = YES;
				CLANG_WARN__DUPLICATE_METHOD_MATCH = YES;
				COPY_PHASE_STRIP = NO;
				DEBUG_INFORMATION_FORMAT = dwarf;
				DEVELOPMENT_TEAM = P8ZNRY525Z;
				ENABLE_STRICT_OBJC_MSGSEND = YES;
				ENABLE_TESTABILITY = YES;
				ENABLE_USER_SCRIPT_SANDBOXING = YES;
				GCC_C_LANGUAGE_STANDARD = gnu17;
				GCC_DYNAMIC_NO_PIC = NO;
				GCC_NO_COMMON_BLOCKS = YES;
				GCC_OPTIMIZATION_LEVEL = 0;
				GCC_PREPROCESSOR_DEFINITIONS = (
					"DEBUG=1",
					"$(inherited)",
				);
				GCC_WARN_64_TO_32_BIT_CONVERSION = YES;
				GCC_WARN_ABOUT_RETURN_TYPE = YES_ERROR;
				GCC_WARN_UNDECLARED_SELECTOR = YES;
				GCC_WARN_UNINITIALIZED_AUTOS = YES_AGGRESSIVE;
				GCC_WARN_UNUSED_FUNCTION = YES;
				GCC_WARN_UNUSED_VARIABLE = YES;
				IPHONEOS_DEPLOYMENT_TARGET = 18.5;
				LOCALIZATION_PREFERS_STRING_CATALOGS = YES;
				MTL_ENABLE_DEBUG_INFO = INCLUDE_SOURCE;
				MTL_FAST_MATH = YES;
				ONLY_ACTIVE_ARCH = YES;
				SDKROOT = iphoneos;
				SWIFT_ACTIVE_COMPILATION_CONDITIONS = "DEBUG $(inherited)";
				SWIFT_OPTIMIZATION_LEVEL = "-Onone";
			};
			name = Debug;
		};
		2B5BB5192E2BCD2F008D1CB7 /* Release */ = {
			isa = XCBuildConfiguration;
			buildSettings = {
				ALWAYS_SEARCH_USER_PATHS = NO;
				ASSETCATALOG_COMPILER_GENERATE_SWIFT_ASSET_SYMBOL_EXTENSIONS = YES;
				CLANG_ANALYZER_NONNULL = YES;
				CLANG_ANALYZER_NUMBER_OBJECT_CONVERSION = YES_AGGRESSIVE;
				CLANG_CXX_LANGUAGE_STANDARD = "gnu++20";
				CLANG_ENABLE_MODULES = YES;
				CLANG_ENABLE_OBJC_ARC = YES;
				CLANG_ENABLE_OBJC_WEAK = YES;
				CLANG_WARN_BLOCK_CAPTURE_AUTORELEASING = YES;
				CLANG_WARN_BOOL_CONVERSION = YES;
				CLANG_WARN_COMMA = YES;
				CLANG_WARN_CONSTANT_CONVERSION = YES;
				CLANG_WARN_DEPRECATED_OBJC_IMPLEMENTATIONS = YES;
				CLANG_WARN_DIRECT_OBJC_ISA_USAGE = YES_ERROR;
				CLANG_WARN_DOCUMENTATION_COMMENTS = YES;
				CLANG_WARN_EMPTY_BODY = YES;
				CLANG_WARN_ENUM_CONVERSION = YES;
				CLANG_WARN_INFINITE_RECURSION = YES;
				CLANG_WARN_INT_CONVERSION = YES;
				CLANG_WARN_NON_LITERAL_NULL_CONVERSION = YES;
				CLANG_WARN_OBJC_IMPLICIT_RETAIN_SELF = YES;
				CLANG_WARN_OBJC_LITERAL_CONVERSION = YES;
				CLANG_WARN_OBJC_ROOT_CLASS = YES_ERROR;
				CLANG_WARN_QUOTED_INCLUDE_IN_FRAMEWORK_HEADER = YES;
				CLANG_WARN_RANGE_LOOP_ANALYSIS = YES;
				CLANG_WARN_STRICT_PROTOTYPES = YES;
				CLANG_WARN_SUSPICIOUS_MOVE = YES;
				CLANG_WARN_UNGUARDED_AVAILABILITY = YES_AGGRESSIVE;
				CLANG_WARN_UNREACHABLE_CODE = YES;
				CLANG_WARN__DUPLICATE_METHOD_MATCH = YES;
				COPY_PHASE_STRIP = NO;
				DEBUG_INFORMATION_FORMAT = "dwarf-with-dsym";
				DEVELOPMENT_TEAM = P8ZNRY525Z;
				ENABLE_NS_ASSERTIONS = NO;
				ENABLE_STRICT_OBJC_MSGSEND = YES;
				ENABLE_USER_SCRIPT_SANDBOXING = YES;
				GCC_C_LANGUAGE_STANDARD = gnu17;
				GCC_NO_COMMON_BLOCKS = YES;
				GCC_WARN_64_TO_32_BIT_CONVERSION = YES;
				GCC_WARN_ABOUT_RETURN_TYPE = YES_ERROR;
				GCC_WARN_UNDECLARED_SELECTOR = YES;
				GCC_WARN_UNINITIALIZED_AUTOS = YES_AGGRESSIVE;
				GCC_WARN_UNUSED_FUNCTION = YES;
				GCC_WARN_UNUSED_VARIABLE = YES;
				IPHONEOS_DEPLOYMENT_TARGET = 18.5;
				LOCALIZATION_PREFERS_STRING_CATALOGS = YES;
				MTL_ENABLE_DEBUG_INFO = NO;
				MTL_FAST_MATH = YES;
				SDKROOT = iphoneos;
				SWIFT_COMPILATION_MODE = wholemodule;
				VALIDATE_PRODUCT = YES;
			};
			name = Release;
		};
		2B5BB51B2E2BCD2F008D1CB7 /* Debug */ = {
			isa = XCBuildConfiguration;
			buildSettings = {
				ASSETCATALOG_COMPILER_APPICON_NAME = AppIcon;
				ASSETCATALOG_COMPILER_GLOBAL_ACCENT_COLOR_NAME = AccentColor;
				CODE_SIGN_STYLE = Automatic;
				CURRENT_PROJECT_VERSION = 1;
				DEVELOPMENT_TEAM = P8ZNRY525Z;
				ENABLE_PREVIEWS = YES;
				GENERATE_INFOPLIST_FILE = YES;
				INFOPLIST_KEY_NSCameraUsageDescription = "We need access to your camera to scan and analyze restaurant menus.";
				INFOPLIST_KEY_NSPhotoLibraryUsageDescription = "We need access to your photo library so you can select a menu to analyze.";
				INFOPLIST_KEY_NSPhotoLibraryAddUsageDescription = "We need access to your photo library to save scanned menu images with your permission.";
				INFOPLIST_KEY_NSPhotoLibraryAddUsageDescription = "We need access to your photo library to save scanned menu images with your permission.";
				INFOPLIST_KEY_UIApplicationSceneManifest_Generation = YES;
				INFOPLIST_KEY_UIApplicationSupportsIndirectInputEvents = YES;
				INFOPLIST_KEY_UILaunchScreen_Generation = YES;
				INFOPLIST_KEY_UISupportedInterfaceOrientations_iPad = "UIInterfaceOrientationPortrait UIInterfaceOrientationPortraitUpsideDown UIInterfaceOrientationLandscapeLeft UIInterfaceOrientationLandscapeRight";
				INFOPLIST_KEY_UISupportedInterfaceOrientations_iPhone = "UIInterfaceOrientationPortrait UIInterfaceOrientationLandscapeLeft UIInterfaceOrientationLandscapeRight";
				IPHONEOS_DEPLOYMENT_TARGET = 18.0;
				LD_RUNPATH_SEARCH_PATHS = (
					"$(inherited)",
					"@executable_path/Frameworks",
				);
				MARKETING_VERSION = 1.0;
				PRODUCT_BUNDLE_IDENTIFIER = "TenFly.Menu-trans";
				PRODUCT_NAME = "$(TARGET_NAME)";
				SWIFT_EMIT_LOC_STRINGS = YES;
				SWIFT_VERSION = 5.0;
				TARGETED_DEVICE_FAMILY = "1,2";
			};
			name = Debug;
		};
		2B5BB51C2E2BCD2F008D1CB7 /* Release */ = {
			isa = XCBuildConfiguration;
			buildSettings = {
				ASSETCATALOG_COMPILER_APPICON_NAME = AppIcon;
				ASSETCATALOG_COMPILER_GLOBAL_ACCENT_COLOR_NAME = AccentColor;
				CODE_SIGN_STYLE = Automatic;
				CURRENT_PROJECT_VERSION = 1;
				DEVELOPMENT_TEAM = P8ZNRY525Z;
				ENABLE_PREVIEWS = YES;
				GENERATE_INFOPLIST_FILE = YES;
				INFOPLIST_KEY_NSCameraUsageDescription = "We need access to your camera to scan and analyze restaurant menus.";
				INFOPLIST_KEY_NSPhotoLibraryUsageDescription = "We need access to your photo library so you can select a menu to analyze.";
				INFOPLIST_KEY_UIApplicationSceneManifest_Generation = YES;
				INFOPLIST_KEY_UIApplicationSupportsIndirectInputEvents = YES;
				INFOPLIST_KEY_UILaunchScreen_Generation = YES;
				INFOPLIST_KEY_UISupportedInterfaceOrientations_iPad = "UIInterfaceOrientationPortrait UIInterfaceOrientationPortraitUpsideDown UIInterfaceOrientationLandscapeLeft UIInterfaceOrientationLandscapeRight";
				INFOPLIST_KEY_UISupportedInterfaceOrientations_iPhone = "UIInterfaceOrientationPortrait UIInterfaceOrientationLandscapeLeft UIInterfaceOrientationLandscapeRight";
				IPHONEOS_DEPLOYMENT_TARGET = 18.0;
				LD_RUNPATH_SEARCH_PATHS = (
					"$(inherited)",
					"@executable_path/Frameworks",
				);
				MARKETING_VERSION = 1.0;
				PRODUCT_BUNDLE_IDENTIFIER = "TenFly.Menu-trans";
				PRODUCT_NAME = "$(TARGET_NAME)";
				SWIFT_EMIT_LOC_STRINGS = YES;
				SWIFT_VERSION = 5.0;
				TARGETED_DEVICE_FAMILY = "1,2";
			};
			name = Release;
		};
		2B5BB51E2E2BCD2F008D1CB7 /* Debug */ = {
			isa = XCBuildConfiguration;
			buildSettings = {
				BUNDLE_LOADER = "$(TEST_HOST)";
				CODE_SIGN_STYLE = Automatic;
				CURRENT_PROJECT_VERSION = 1;
				DEVELOPMENT_TEAM = P8ZNRY525Z;
				GENERATE_INFOPLIST_FILE = YES;
				IPHONEOS_DEPLOYMENT_TARGET = 18.5;
				MARKETING_VERSION = 1.0;
				PRODUCT_BUNDLE_IDENTIFIER = "TenFly.Menu-transTests";
				PRODUCT_NAME = "$(TARGET_NAME)";
				SWIFT_EMIT_LOC_STRINGS = NO;
				SWIFT_VERSION = 5.0;
				TARGETED_DEVICE_FAMILY = "1,2";
				TEST_HOST = "$(BUILT_PRODUCTS_DIR)/Menu_trans.app/$(BUNDLE_EXECUTABLE_FOLDER_PATH)/Menu_trans";
			};
			name = Debug;
		};
		2B5BB51F2E2BCD2F008D1CB7 /* Release */ = {
			isa = XCBuildConfiguration;
			buildSettings = {
				BUNDLE_LOADER = "$(TEST_HOST)";
				CODE_SIGN_STYLE = Automatic;
				CURRENT_PROJECT_VERSION = 1;
				DEVELOPMENT_TEAM = P8ZNRY525Z;
				GENERATE_INFOPLIST_FILE = YES;
				IPHONEOS_DEPLOYMENT_TARGET = 18.5;
				MARKETING_VERSION = 1.0;
				PRODUCT_BUNDLE_IDENTIFIER = "TenFly.Menu-transTests";
				PRODUCT_NAME = "$(TARGET_NAME)";
				SWIFT_EMIT_LOC_STRINGS = NO;
				SWIFT_VERSION = 5.0;
				TARGETED_DEVICE_FAMILY = "1,2";
				TEST_HOST = "$(BUILT_PRODUCTS_DIR)/Menu_trans.app/$(BUNDLE_EXECUTABLE_FOLDER_PATH)/Menu_trans";
			};
			name = Release;
		};
		2B5BB5212E2BCD2F008D1CB7 /* Debug */ = {
			isa = XCBuildConfiguration;
			buildSettings = {
				CODE_SIGN_STYLE = Automatic;
				CURRENT_PROJECT_VERSION = 1;
				DEVELOPMENT_TEAM = P8ZNRY525Z;
				GENERATE_INFOPLIST_FILE = YES;
				MARKETING_VERSION = 1.0;
				PRODUCT_BUNDLE_IDENTIFIER = "TenFly.Menu-transUITests";
				PRODUCT_NAME = "$(TARGET_NAME)";
				SWIFT_EMIT_LOC_STRINGS = NO;
				SWIFT_VERSION = 5.0;
				TARGETED_DEVICE_FAMILY = "1,2";
				TEST_TARGET_NAME = Menu_trans;
			};
			name = Debug;
		};
		2B5BB5222E2BCD2F008D1CB7 /* Release */ = {
			isa = XCBuildConfiguration;
			buildSettings = {
				CODE_SIGN_STYLE = Automatic;
				CURRENT_PROJECT_VERSION = 1;
				DEVELOPMENT_TEAM = P8ZNRY525Z;
				GENERATE_INFOPLIST_FILE = YES;
				MARKETING_VERSION = 1.0;
				PRODUCT_BUNDLE_IDENTIFIER = "TenFly.Menu-transUITests";
				PRODUCT_NAME = "$(TARGET_NAME)";
				SWIFT_EMIT_LOC_STRINGS = NO;
				SWIFT_VERSION = 5.0;
				TARGETED_DEVICE_FAMILY = "1,2";
				TEST_TARGET_NAME = Menu_trans;
			};
			name = Release;
		};
/* End XCBuildConfiguration section */

/* Begin XCConfigurationList section */
		2B5BB4F22E2BCD2E008D1CB7 /* Build configuration list for PBXProject "Menu_trans" */ = {
			isa = XCConfigurationList;
			buildConfigurations = (
				2B5BB5182E2BCD2F008D1CB7 /* Debug */,
				2B5BB5192E2BCD2F008D1CB7 /* Release */,
			);
			defaultConfigurationIsVisible = 0;
			defaultConfigurationName = Release;
		};
		2B5BB51A2E2BCD2F008D1CB7 /* Build configuration list for PBXNativeTarget "Menu_trans" */ = {
			isa = XCConfigurationList;
			buildConfigurations = (
				2B5BB51B2E2BCD2F008D1CB7 /* Debug */,
				2B5BB51C2E2BCD2F008D1CB7 /* Release */,
			);
			defaultConfigurationIsVisible = 0;
			defaultConfigurationName = Release;
		};
		2B5BB51D2E2BCD2F008D1CB7 /* Build configuration list for PBXNativeTarget "Menu_transTests" */ = {
			isa = XCConfigurationList;
			buildConfigurations = (
				2B5BB51E2E2BCD2F008D1CB7 /* Debug */,
				2B5BB51F2E2BCD2F008D1CB7 /* Release */,
			);
			defaultConfigurationIsVisible = 0;
			defaultConfigurationName = Release;
		};
		2B5BB5202E2BCD2F008D1CB7 /* Build configuration list for PBXNativeTarget "Menu_transUITests" */ = {
			isa = XCConfigurationList;
			buildConfigurations = (
				2B5BB5212E2BCD2F008D1CB7 /* Debug */,
				2B5BB5222E2BCD2F008D1CB7 /* Release */,
			);
			defaultConfigurationIsVisible = 0;
			defaultConfigurationName = Release;
		};
/* End XCConfigurationList section */
	};
	rootObject = 2B5BB4EF2E2BCD2E008D1CB7 /* Project object */;
}
